// !$*UTF8*$!
{
	archiveVersion = 1;
	classes = {
	};
	objectVersion = 46;
	objects = {

/* Begin PBXBuildFile section */
		8EC8D73A1CEDE79D007FECCD /* AppDelegate.swift in Sources */ = {isa = PBXBuildFile; fileRef = 8EC8D7391CEDE79D007FECCD /* AppDelegate.swift */; };
		8EC8D73C1CEDE79D007FECCD /* ViewController.swift in Sources */ = {isa = PBXBuildFile; fileRef = 8EC8D73B1CEDE79D007FECCD /* ViewController.swift */; };
		8EC8D73F1CEDE79D007FECCD /* Main.storyboard in Resources */ = {isa = PBXBuildFile; fileRef = 8EC8D73D1CEDE79D007FECCD /* Main.storyboard */; };
		8EC8D7411CEDE79D007FECCD /* Assets.xcassets in Resources */ = {isa = PBXBuildFile; fileRef = 8EC8D7401CEDE79D007FECCD /* Assets.xcassets */; };
		8EC8D7441CEDE79D007FECCD /* LaunchScreen.storyboard in Resources */ = {isa = PBXBuildFile; fileRef = 8EC8D7421CEDE79D007FECCD /* LaunchScreen.storyboard */; };
		8EC8D74F1CEDE79E007FECCD /* my_little_monsterTests.swift in Sources */ = {isa = PBXBuildFile; fileRef = 8EC8D74E1CEDE79E007FECCD /* my_little_monsterTests.swift */; };
		8EC8D75A1CEDE79E007FECCD /* my_little_monsterUITests.swift in Sources */ = {isa = PBXBuildFile; fileRef = 8EC8D7591CEDE79E007FECCD /* my_little_monsterUITests.swift */; };
/* End PBXBuildFile section */

/* Begin PBXContainerItemProxy section */
		8EC8D74B1CEDE79E007FECCD /* PBXContainerItemProxy */ = {
			isa = PBXContainerItemProxy;
			containerPortal = 8EC8D72E1CEDE79D007FECCD /* Project object */;
			proxyType = 1;
			remoteGlobalIDString = 8EC8D7351CEDE79D007FECCD;
			remoteInfo = "my-little-monster";
		};
		8EC8D7561CEDE79E007FECCD /* PBXContainerItemProxy */ = {
			isa = PBXContainerItemProxy;
			containerPortal = 8EC8D72E1CEDE79D007FECCD /* Project object */;
			proxyType = 1;
			remoteGlobalIDString = 8EC8D7351CEDE79D007FECCD;
			remoteInfo = "my-little-monster";
		};
/* End PBXContainerItemProxy section */

/* Begin PBXFileReference section */
		8EC8D7361CEDE79D007FECCD /* my-little-monster.app */ = {isa = PBXFileReference; explicitFileType = wrapper.application; includeInIndex = 0; path = "my-little-monster.app"; sourceTree = BUILT_PRODUCTS_DIR; };
		8EC8D7391CEDE79D007FECCD /* AppDelegate.swift */ = {isa = PBXFileReference; lastKnownFileType = sourcecode.swift; path = AppDelegate.swift; sourceTree = "<group>"; };
		8EC8D73B1CEDE79D007FECCD /* ViewController.swift */ = {isa = PBXFileReference; lastKnownFileType = sourcecode.swift; path = ViewController.swift; sourceTree = "<group>"; };
		8EC8D73E1CEDE79D007FECCD /* Base */ = {isa = PBXFileReference; lastKnownFileType = file.storyboard; name = Base; path = Base.lproj/Main.storyboard; sourceTree = "<group>"; };
		8EC8D7401CEDE79D007FECCD /* Assets.xcassets */ = {isa = PBXFileReference; lastKnownFileType = folder.assetcatalog; path = Assets.xcassets; sourceTree = "<group>"; };
		8EC8D7431CEDE79D007FECCD /* Base */ = {isa = PBXFileReference; lastKnownFileType = file.storyboard; name = Base; path = Base.lproj/LaunchScreen.storyboard; sourceTree = "<group>"; };
		8EC8D7451CEDE79D007FECCD /* Info.plist */ = {isa = PBXFileReference; lastKnownFileType = text.plist.xml; path = Info.plist; sourceTree = "<group>"; };
		8EC8D74A1CEDE79E007FECCD /* my-little-monsterTests.xctest */ = {isa = PBXFileReference; explicitFileType = wrapper.cfbundle; includeInIndex = 0; path = "my-little-monsterTests.xctest"; sourceTree = BUILT_PRODUCTS_DIR; };
		8EC8D74E1CEDE79E007FECCD /* my_little_monsterTests.swift */ = {isa = PBXFileReference; lastKnownFileType = sourcecode.swift; path = my_little_monsterTests.swift; sourceTree = "<group>"; };
		8EC8D7501CEDE79E007FECCD /* Info.plist */ = {isa = PBXFileReference; lastKnownFileType = text.plist.xml; path = Info.plist; sourceTree = "<group>"; };
		8EC8D7551CEDE79E007FECCD /* my-little-monsterUITests.xctest */ = {isa = PBXFileReference; explicitFileType = wrapper.cfbundle; includeInIndex = 0; path = "my-little-monsterUITests.xctest"; sourceTree = BUILT_PRODUCTS_DIR; };
		8EC8D7591CEDE79E007FECCD /* my_little_monsterUITests.swift */ = {isa = PBXFileReference; lastKnownFileType = sourcecode.swift; path = my_little_monsterUITests.swift; sourceTree = "<group>"; };
		8EC8D75B1CEDE79E007FECCD /* Info.plist */ = {isa = PBXFileReference; lastKnownFileType = text.plist.xml; path = Info.plist; sourceTree = "<group>"; };
/* End PBXFileReference section */

/* Begin PBXFrameworksBuildPhase section */
		8EC8D7331CEDE79D007FECCD /* Frameworks */ = {
			isa = PBXFrameworksBuildPhase;
			buildActionMask = 2147483647;
			files = (
			);
			runOnlyForDeploymentPostprocessing = 0;
		};
		8EC8D7471CEDE79E007FECCD /* Frameworks */ = {
			isa = PBXFrameworksBuildPhase;
			buildActionMask = 2147483647;
			files = (
			);
			runOnlyForDeploymentPostprocessing = 0;
		};
		8EC8D7521CEDE79E007FECCD /* Frameworks */ = {
			isa = PBXFrameworksBuildPhase;
			buildActionMask = 2147483647;
			files = (
			);
			runOnlyForDeploymentPostprocessing = 0;
		};
/* End PBXFrameworksBuildPhase section */

/* Begin PBXGroup section */
		8EC8D72D1CEDE79D007FECCD = {
			isa = PBXGroup;
			children = (
				8EC8D7381CEDE79D007FECCD /* my-little-monster */,
				8EC8D74D1CEDE79E007FECCD /* my-little-monsterTests */,
				8EC8D7581CEDE79E007FECCD /* my-little-monsterUITests */,
				8EC8D7371CEDE79D007FECCD /* Products */,
			);
			sourceTree = "<group>";
		};
		8EC8D7371CEDE79D007FECCD /* Products */ = {
			isa = PBXGroup;
			children = (
				8EC8D7361CEDE79D007FECCD /* my-little-monster.app */,
				8EC8D74A1CEDE79E007FECCD /* my-little-monsterTests.xctest */,
				8EC8D7551CEDE79E007FECCD /* my-little-monsterUITests.xctest */,
			);
			name = Products;
			sourceTree = "<group>";
		};
		8EC8D7381CEDE79D007FECCD /* my-little-monster */ = {
			isa = PBXGroup;
			children = (
				8EC8D7391CEDE79D007FECCD /* AppDelegate.swift */,
				8EC8D73B1CEDE79D007FECCD /* ViewController.swift */,
				8EC8D73D1CEDE79D007FECCD /* Main.storyboard */,
				8EC8D7401CEDE79D007FECCD /* Assets.xcassets */,
				8EC8D7421CEDE79D007FECCD /* LaunchScreen.storyboard */,
				8EC8D7451CEDE79D007FECCD /* Info.plist */,
			);
			path = "my-little-monster";
			sourceTree = "<group>";
		};
		8EC8D74D1CEDE79E007FECCD /* my-little-monsterTests */ = {
			isa = PBXGroup;
			children = (
				8EC8D74E1CEDE79E007FECCD /* my_little_monsterTests.swift */,
				8EC8D7501CEDE79E007FECCD /* Info.plist */,
			);
			path = "my-little-monsterTests";
			sourceTree = "<group>";
		};
		8EC8D7581CEDE79E007FECCD /* my-little-monsterUITests */ = {
			isa = PBXGroup;
			children = (
				8EC8D7591CEDE79E007FECCD /* my_little_monsterUITests.swift */,
				8EC8D75B1CEDE79E007FECCD /* Info.plist */,
			);
			path = "my-little-monsterUITests";
			sourceTree = "<group>";
		};
/* End PBXGroup section */

/* Begin PBXNativeTarget section */
		8EC8D7351CEDE79D007FECCD /* my-little-monster */ = {
			isa = PBXNativeTarget;
			buildConfigurationList = 8EC8D75E1CEDE79E007FECCD /* Build configuration list for PBXNativeTarget "my-little-monster" */;
			buildPhases = (
				8EC8D7321CEDE79D007FECCD /* Sources */,
				8EC8D7331CEDE79D007FECCD /* Frameworks */,
				8EC8D7341CEDE79D007FECCD /* Resources */,
			);
			buildRules = (
			);
			dependencies = (
			);
			name = "my-little-monster";
			productName = "my-little-monster";
			productReference = 8EC8D7361CEDE79D007FECCD /* my-little-monster.app */;
			productType = "com.apple.product-type.application";
		};
		8EC8D7491CEDE79E007FECCD /* my-little-monsterTests */ = {
			isa = PBXNativeTarget;
			buildConfigurationList = 8EC8D7611CEDE79E007FECCD /* Build configuration list for PBXNativeTarget "my-little-monsterTests" */;
			buildPhases = (
				8EC8D7461CEDE79E007FECCD /* Sources */,
				8EC8D7471CEDE79E007FECCD /* Frameworks */,
				8EC8D7481CEDE79E007FECCD /* Resources */,
			);
			buildRules = (
			);
			dependencies = (
				8EC8D74C1CEDE79E007FECCD /* PBXTargetDependency */,
			);
			name = "my-little-monsterTests";
			productName = "my-little-monsterTests";
			productReference = 8EC8D74A1CEDE79E007FECCD /* my-little-monsterTests.xctest */;
			productType = "com.apple.product-type.bundle.unit-test";
		};
		8EC8D7541CEDE79E007FECCD /* my-little-monsterUITests */ = {
			isa = PBXNativeTarget;
			buildConfigurationList = 8EC8D7641CEDE79E007FECCD /* Build configuration list for PBXNativeTarget "my-little-monsterUITests" */;
			buildPhases = (
				8EC8D7511CEDE79E007FECCD /* Sources */,
				8EC8D7521CEDE79E007FECCD /* Frameworks */,
				8EC8D7531CEDE79E007FECCD /* Resources */,
			);
			buildRules = (
			);
			dependencies = (
				8EC8D7571CEDE79E007FECCD /* PBXTargetDependency */,
			);
			name = "my-little-monsterUITests";
			productName = "my-little-monsterUITests";
			productReference = 8EC8D7551CEDE79E007FECCD /* my-little-monsterUITests.xctest */;
			productType = "com.apple.product-type.bundle.ui-testing";
		};
/* End PBXNativeTarget section */

/* Begin PBXProject section */
		8EC8D72E1CEDE79D007FECCD /* Project object */ = {
			isa = PBXProject;
			attributes = {
				LastSwiftUpdateCheck = 0730;
				LastUpgradeCheck = 0730;
				ORGANIZATIONNAME = "Cale Riggs";
				TargetAttributes = {
					8EC8D7351CEDE79D007FECCD = {
						CreatedOnToolsVersion = 7.3.1;
						DevelopmentTeam = N6ADV9AFZ7;
					};
					8EC8D7491CEDE79E007FECCD = {
						CreatedOnToolsVersion = 7.3.1;
						DevelopmentTeam = N6ADV9AFZ7;
						TestTargetID = 8EC8D7351CEDE79D007FECCD;
					};
					8EC8D7541CEDE79E007FECCD = {
						CreatedOnToolsVersion = 7.3.1;
						DevelopmentTeam = N6ADV9AFZ7;
						TestTargetID = 8EC8D7351CEDE79D007FECCD;
					};
				};
			};
			buildConfigurationList = 8EC8D7311CEDE79D007FECCD /* Build configuration list for PBXProject "my-little-monster" */;
			compatibilityVersion = "Xcode 3.2";
			developmentRegion = English;
			hasScannedForEncodings = 0;
			knownRegions = (
				en,
				Base,
			);
			mainGroup = 8EC8D72D1CEDE79D007FECCD;
			productRefGroup = 8EC8D7371CEDE79D007FECCD /* Products */;
			projectDirPath = "";
			projectRoot = "";
			targets = (
				8EC8D7351CEDE79D007FECCD /* my-little-monster */,
				8EC8D7491CEDE79E007FECCD /* my-little-monsterTests */,
				8EC8D7541CEDE79E007FECCD /* my-little-monsterUITests */,
			);
		};
/* End PBXProject section */

/* Begin PBXResourcesBuildPhase section */
		8EC8D7341CEDE79D007FECCD /* Resources */ = {
			isa = PBXResourcesBuildPhase;
			buildActionMask = 2147483647;
			files = (
				8EC8D7441CEDE79D007FECCD /* LaunchScreen.storyboard in Resources */,
				8EC8D7411CEDE79D007FECCD /* Assets.xcassets in Resources */,
				8EC8D73F1CEDE79D007FECCD /* Main.storyboard in Resources */,
			);
			runOnlyForDeploymentPostprocessing = 0;
		};
		8EC8D7481CEDE79E007FECCD /* Resources */ = {
			isa = PBXResourcesBuildPhase;
			buildActionMask = 2147483647;
			files = (
			);
			runOnlyForDeploymentPostprocessing = 0;
		};
		8EC8D7531CEDE79E007FECCD /* Resources */ = {
			isa = PBXResourcesBuildPhase;
			buildActionMask = 2147483647;
			files = (
			);
			runOnlyForDeploymentPostprocessing = 0;
		};
/* End PBXResourcesBuildPhase section */

/* Begin PBXSourcesBuildPhase section */
		8EC8D7321CEDE79D007FECCD /* Sources */ = {
			isa = PBXSourcesBuildPhase;
			buildActionMask = 2147483647;
			files = (
				8EC8D73C1CEDE79D007FECCD /* ViewController.swift in Sources */,
				8EC8D73A1CEDE79D007FECCD /* AppDelegate.swift in Sources */,
			);
			runOnlyForDeploymentPostprocessing = 0;
		};
		8EC8D7461CEDE79E007FECCD /* Sources */ = {
			isa = PBXSourcesBuildPhase;
			buildActionMask = 2147483647;
			files = (
				8EC8D74F1CEDE79E007FECCD /* my_little_monsterTests.swift in Sources */,
			);
			runOnlyForDeploymentPostprocessing = 0;
		};
		8EC8D7511CEDE79E007FECCD /* Sources */ = {
			isa = PBXSourcesBuildPhase;
			buildActionMask = 2147483647;
			files = (
				8EC8D75A1CEDE79E007FECCD /* my_little_monsterUITests.swift in Sources */,
			);
			runOnlyForDeploymentPostprocessing = 0;
		};
/* End PBXSourcesBuildPhase section */

/* Begin PBXTargetDependency section */
		8EC8D74C1CEDE79E007FECCD /* PBXTargetDependency */ = {
			isa = PBXTargetDependency;
			target = 8EC8D7351CEDE79D007FECCD /* my-little-monster */;
			targetProxy = 8EC8D74B1CEDE79E007FECCD /* PBXContainerItemProxy */;
		};
		8EC8D7571CEDE79E007FECCD /* PBXTargetDependency */ = {
			isa = PBXTargetDependency;
			target = 8EC8D7351CEDE79D007FECCD /* my-little-monster */;
			targetProxy = 8EC8D7561CEDE79E007FECCD /* PBXContainerItemProxy */;
		};
/* End PBXTargetDependency section */

/* Begin PBXVariantGroup section */
		8EC8D73D1CEDE79D007FECCD /* Main.storyboard */ = {
			isa = PBXVariantGroup;
			children = (
				8EC8D73E1CEDE79D007FECCD /* Base */,
			);
			name = Main.storyboard;
			sourceTree = "<group>";
		};
		8EC8D7421CEDE79D007FECCD /* LaunchScreen.storyboard */ = {
			isa = PBXVariantGroup;
			children = (
				8EC8D7431CEDE79D007FECCD /* Base */,
			);
			name = LaunchScreen.storyboard;
			sourceTree = "<group>";
		};
/* End PBXVariantGroup section */

/* Begin XCBuildConfiguration section */
		8EC8D75C1CEDE79E007FECCD /* Debug */ = {
			isa = XCBuildConfiguration;
			buildSettings = {
				ALWAYS_SEARCH_USER_PATHS = NO;
				CLANG_ANALYZER_NONNULL = YES;
				CLANG_CXX_LANGUAGE_STANDARD = "gnu++0x";
				CLANG_CXX_LIBRARY = "libc++";
				CLANG_ENABLE_MODULES = YES;
				CLANG_ENABLE_OBJC_ARC = YES;
				CLANG_WARN_BOOL_CONVERSION = YES;
				CLANG_WARN_CONSTANT_CONVERSION = YES;
				CLANG_WARN_DIRECT_OBJC_ISA_USAGE = YES_ERROR;
				CLANG_WARN_EMPTY_BODY = YES;
				CLANG_WARN_ENUM_CONVERSION = YES;
				CLANG_WARN_INT_CONVERSION = YES;
				CLANG_WARN_OBJC_ROOT_CLASS = YES_ERROR;
				CLANG_WARN_UNREACHABLE_CODE = YES;
				CLANG_WARN__DUPLICATE_METHOD_MATCH = YES;
				"CODE_SIGN_IDENTITY[sdk=iphoneos*]" = "iPhone Developer";
				COPY_PHASE_STRIP = NO;
				DEBUG_INFORMATION_FORMAT = dwarf;
				ENABLE_STRICT_OBJC_MSGSEND = YES;
				ENABLE_TESTABILITY = YES;
				GCC_C_LANGUAGE_STANDARD = gnu99;
				GCC_DYNAMIC_NO_PIC = NO;
				GCC_NO_COMMON_BLOCKS = YES;
				GCC_OPTIMIZATION_LEVEL = 0;
				GCC_PREPROCESSOR_DEFINITIONS = (
					"DEBUG=1",
					"$(inherited)",
				);
				GCC_WARN_64_TO_32_BIT_CONVERSION = YES;
				GCC_WARN_ABOUT_RETURN_TYPE = YES_ERROR;
				GCC_WARN_UNDECLARED_SELECTOR = YES;
				GCC_WARN_UNINITIALIZED_AUTOS = YES_AGGRESSIVE;
				GCC_WARN_UNUSED_FUNCTION = YES;
				GCC_WARN_UNUSED_VARIABLE = YES;
				IPHONEOS_DEPLOYMENT_TARGET = 9.3;
				MTL_ENABLE_DEBUG_INFO = YES;
				ONLY_ACTIVE_ARCH = YES;
				SDKROOT = iphoneos;
				SWIFT_OPTIMIZATION_LEVEL = "-Onone";
				TARGETED_DEVICE_FAMILY = "1,2";
			};
			name = Debug;
		};
		8EC8D75D1CEDE79E007FECCD /* Release */ = {
			isa = XCBuildConfiguration;
			buildSettings = {
				ALWAYS_SEARCH_USER_PATHS = NO;
				CLANG_ANALYZER_NONNULL = YES;
				CLANG_CXX_LANGUAGE_STANDARD = "gnu++0x";
				CLANG_CXX_LIBRARY = "libc++";
				CLANG_ENABLE_MODULES = YES;
				CLANG_ENABLE_OBJC_ARC = YES;
				CLANG_WARN_BOOL_CONVERSION = YES;
				CLANG_WARN_CONSTANT_CONVERSION = YES;
				CLANG_WARN_DIRECT_OBJC_ISA_USAGE = YES_ERROR;
				CLANG_WARN_EMPTY_BODY = YES;
				CLANG_WARN_ENUM_CONVERSION = YES;
				CLANG_WARN_INT_CONVERSION = YES;
				CLANG_WARN_OBJC_ROOT_CLASS = YES_ERROR;
				CLANG_WARN_UNREACHABLE_CODE = YES;
				CLANG_WARN__DUPLICATE_METHOD_MATCH = YES;
				"CODE_SIGN_IDENTITY[sdk=iphoneos*]" = "iPhone Developer";
				COPY_PHASE_STRIP = NO;
				DEBUG_INFORMATION_FORMAT = "dwarf-with-dsym";
				ENABLE_NS_ASSERTIONS = NO;
				ENABLE_STRICT_OBJC_MSGSEND = YES;
				GCC_C_LANGUAGE_STANDARD = gnu99;
				GCC_NO_COMMON_BLOCKS = YES;
				GCC_WARN_64_TO_32_BIT_CONVERSION = YES;
				GCC_WARN_ABOUT_RETURN_TYPE = YES_ERROR;
				GCC_WARN_UNDECLARED_SELECTOR = YES;
				GCC_WARN_UNINITIALIZED_AUTOS = YES_AGGRESSIVE;
				GCC_WARN_UNUSED_FUNCTION = YES;
				GCC_WARN_UNUSED_VARIABLE = YES;
				IPHONEOS_DEPLOYMENT_TARGET = 9.3;
				MTL_ENABLE_DEBUG_INFO = NO;
				SDKROOT = iphoneos;
				TARGETED_DEVICE_FAMILY = "1,2";
				VALIDATE_PRODUCT = YES;
			};
			name = Release;
		};
		8EC8D75F1CEDE79E007FECCD /* Debug */ = {
			isa = XCBuildConfiguration;
			buildSettings = {
				ASSETCATALOG_COMPILER_APPICON_NAME = AppIcon;
				INFOPLIST_FILE = "my-little-monster/Info.plist";
				LD_RUNPATH_SEARCH_PATHS = "$(inherited) @executable_path/Frameworks";
				PRODUCT_BUNDLE_IDENTIFIER = "com.caleriggs.my-little-monster";
				PRODUCT_NAME = "$(TARGET_NAME)";
			};
			name = Debug;
		};
		8EC8D7601CEDE79E007FECCD /* Release */ = {
			isa = XCBuildConfiguration;
			buildSettings = {
				ASSETCATALOG_COMPILER_APPICON_NAME = AppIcon;
				INFOPLIST_FILE = "my-little-monster/Info.plist";
				LD_RUNPATH_SEARCH_PATHS = "$(inherited) @executable_path/Frameworks";
				PRODUCT_BUNDLE_IDENTIFIER = "com.caleriggs.my-little-monster";
				PRODUCT_NAME = "$(TARGET_NAME)";
			};
			name = Release;
		};
		8EC8D7621CEDE79E007FECCD /* Debug */ = {
			isa = XCBuildConfiguration;
			buildSettings = {
				BUNDLE_LOADER = "$(TEST_HOST)";
				INFOPLIST_FILE = "my-little-monsterTests/Info.plist";
				LD_RUNPATH_SEARCH_PATHS = "$(inherited) @executable_path/Frameworks @loader_path/Frameworks";
				PRODUCT_BUNDLE_IDENTIFIER = "com.caleriggs.my-little-monsterTests";
				PRODUCT_NAME = "$(TARGET_NAME)";
				TEST_HOST = "$(BUILT_PRODUCTS_DIR)/my-little-monster.app/my-little-monster";
			};
			name = Debug;
		};
		8EC8D7631CEDE79E007FECCD /* Release */ = {
			isa = XCBuildConfiguration;
			buildSettings = {
				BUNDLE_LOADER = "$(TEST_HOST)";
				INFOPLIST_FILE = "my-little-monsterTests/Info.plist";
				LD_RUNPATH_SEARCH_PATHS = "$(inherited) @executable_path/Frameworks @loader_path/Frameworks";
				PRODUCT_BUNDLE_IDENTIFIER = "com.caleriggs.my-little-monsterTests";
				PRODUCT_NAME = "$(TARGET_NAME)";
				TEST_HOST = "$(BUILT_PRODUCTS_DIR)/my-little-monster.app/my-little-monster";
			};
			name = Release;
		};
		8EC8D7651CEDE79E007FECCD /* Debug */ = {
			isa = XCBuildConfiguration;
			buildSettings = {
				INFOPLIST_FILE = "my-little-monsterUITests/Info.plist";
				LD_RUNPATH_SEARCH_PATHS = "$(inherited) @executable_path/Frameworks @loader_path/Frameworks";
				PRODUCT_BUNDLE_IDENTIFIER = "com.caleriggs.my-little-monsterUITests";
				PRODUCT_NAME = "$(TARGET_NAME)";
				TEST_TARGET_NAME = "my-little-monster";
			};
			name = Debug;
		};
		8EC8D7661CEDE79E007FECCD /* Release */ = {
			isa = XCBuildConfiguration;
			buildSettings = {
				INFOPLIST_FILE = "my-little-monsterUITests/Info.plist";
				LD_RUNPATH_SEARCH_PATHS = "$(inherited) @executable_path/Frameworks @loader_path/Frameworks";
				PRODUCT_BUNDLE_IDENTIFIER = "com.caleriggs.my-little-monsterUITests";
				PRODUCT_NAME = "$(TARGET_NAME)";
				TEST_TARGET_NAME = "my-little-monster";
			};
			name = Release;
		};
/* End XCBuildConfiguration section */

/* Begin XCConfigurationList section */
		8EC8D7311CEDE79D007FECCD /* Build configuration list for PBXProject "my-little-monster" */ = {
			isa = XCConfigurationList;
			buildConfigurations = (
				8EC8D75C1CEDE79E007FECCD /* Debug */,
				8EC8D75D1CEDE79E007FECCD /* Release */,
			);
			defaultConfigurationIsVisible = 0;
			defaultConfigurationName = Release;
		};
		8EC8D75E1CEDE79E007FECCD /* Build configuration list for PBXNativeTarget "my-little-monster" */ = {
			isa = XCConfigurationList;
			buildConfigurations = (
				8EC8D75F1CEDE79E007FECCD /* Debug */,
				8EC8D7601CEDE79E007FECCD /* Release */,
			);
			defaultConfigurationIsVisible = 0;
		};
		8EC8D7611CEDE79E007FECCD /* Build configuration list for PBXNativeTarget "my-little-monsterTests" */ = {
			isa = XCConfigurationList;
			buildConfigurations = (
				8EC8D7621CEDE79E007FECCD /* Debug */,
				8EC8D7631CEDE79E007FECCD /* Release */,
			);
			defaultConfigurationIsVisible = 0;
		};
		8EC8D7641CEDE79E007FECCD /* Build configuration list for PBXNativeTarget "my-little-monsterUITests" */ = {
			isa = XCConfigurationList;
			buildConfigurations = (
				8EC8D7651CEDE79E007FECCD /* Debug */,
				8EC8D7661CEDE79E007FECCD /* Release */,
			);
			defaultConfigurationIsVisible = 0;
		};
/* End XCConfigurationList section */
	};
	rootObject = 8EC8D72E1CEDE79D007FECCD /* Project object */;
}
